// !$*UTF8*$!
{
	archiveVersion = 1;
	classes = {
	};
	objectVersion = 56;
	objects = {

/* Begin PBXBuildFile section */
		9E1F6914299F07A700B184F4 /* HeroesViewController.swift in Sources */ = {isa = PBXBuildFile; fileRef = 9E1F6913299F07A700B184F4 /* HeroesViewController.swift */; };
		9E209CC829A181C7001E4FD1 /* Constants.swift in Sources */ = {isa = PBXBuildFile; fileRef = 9E209CC729A181C7001E4FD1 /* Constants.swift */; };
		9E209CCB29A18205001E4FD1 /* ApiClient.swift in Sources */ = {isa = PBXBuildFile; fileRef = 9E209CCA29A18205001E4FD1 /* ApiClient.swift */; };
		9E209CCD29A18212001E4FD1 /* HeroModel.swift in Sources */ = {isa = PBXBuildFile; fileRef = 9E209CCC29A18212001E4FD1 /* HeroModel.swift */; };
		9E209CD429A18616001E4FD1 /* Locations.swift in Sources */ = {isa = PBXBuildFile; fileRef = 9E209CD329A18616001E4FD1 /* Locations.swift */; };
		9E209CDB29A19572001E4FD1 /* TableViewCell.swift in Sources */ = {isa = PBXBuildFile; fileRef = 9E209CD929A19572001E4FD1 /* TableViewCell.swift */; };
		9E209CDC29A19572001E4FD1 /* TableViewCell.xib in Resources */ = {isa = PBXBuildFile; fileRef = 9E209CDA29A19572001E4FD1 /* TableViewCell.xib */; };
		9E3DC321299C4121002D3FA4 /* AppDelegate.swift in Sources */ = {isa = PBXBuildFile; fileRef = 9E3DC320299C4121002D3FA4 /* AppDelegate.swift */; };
		9E3DC323299C4121002D3FA4 /* SceneDelegate.swift in Sources */ = {isa = PBXBuildFile; fileRef = 9E3DC322299C4121002D3FA4 /* SceneDelegate.swift */; };
		9E3DC328299C4121002D3FA4 /* Main.storyboard in Resources */ = {isa = PBXBuildFile; fileRef = 9E3DC326299C4121002D3FA4 /* Main.storyboard */; };
		9E3DC32B299C4121002D3FA4 /* Login.xcdatamodeld in Sources */ = {isa = PBXBuildFile; fileRef = 9E3DC329299C4121002D3FA4 /* Login.xcdatamodeld */; };
		9E3DC32D299C4122002D3FA4 /* Assets.xcassets in Resources */ = {isa = PBXBuildFile; fileRef = 9E3DC32C299C4122002D3FA4 /* Assets.xcassets */; };
		9E3DC330299C4122002D3FA4 /* LaunchScreen.storyboard in Resources */ = {isa = PBXBuildFile; fileRef = 9E3DC32E299C4122002D3FA4 /* LaunchScreen.storyboard */; };
		9E3DC33B299C4122002D3FA4 /* HeroesAvanzadoTests.swift in Sources */ = {isa = PBXBuildFile; fileRef = 9E3DC33A299C4122002D3FA4 /* HeroesAvanzadoTests.swift */; };
		9E3DC345299C4122002D3FA4 /* HeroesAvanzadoUITests.swift in Sources */ = {isa = PBXBuildFile; fileRef = 9E3DC344299C4122002D3FA4 /* HeroesAvanzadoUITests.swift */; };
		9E3DC347299C4122002D3FA4 /* HeroesAvanzadoUITestsLaunchTests.swift in Sources */ = {isa = PBXBuildFile; fileRef = 9E3DC346299C4122002D3FA4 /* HeroesAvanzadoUITestsLaunchTests.swift */; };
		9E3DC35D299C5BEB002D3FA4 /* SideMenuModel.swift in Sources */ = {isa = PBXBuildFile; fileRef = 9E3DC35C299C5BEB002D3FA4 /* SideMenuModel.swift */; };
		9E3DC360299C5CF7002D3FA4 /* SideMenuCell.swift in Sources */ = {isa = PBXBuildFile; fileRef = 9E3DC35E299C5CF7002D3FA4 /* SideMenuCell.swift */; };
		9E3DC361299C5CF7002D3FA4 /* SideMenuCell.xib in Resources */ = {isa = PBXBuildFile; fileRef = 9E3DC35F299C5CF7002D3FA4 /* SideMenuCell.xib */; };
		9E3DC363299C65F5002D3FA4 /* SideMenuViewController.swift in Sources */ = {isa = PBXBuildFile; fileRef = 9E3DC362299C65F5002D3FA4 /* SideMenuViewController.swift */; };
		9E3DC365299C6680002D3FA4 /* MainViewController.swift in Sources */ = {isa = PBXBuildFile; fileRef = 9E3DC364299C6680002D3FA4 /* MainViewController.swift */; };
		9E465F7029A5647200DF00C0 /* Login+CoreData.swift in Sources */ = {isa = PBXBuildFile; fileRef = 9E465F6F29A5647200DF00C0 /* Login+CoreData.swift */; };
		9E465F7229A5650600DF00C0 /* Heroe+CoreData.swift in Sources */ = {isa = PBXBuildFile; fileRef = 9E465F7129A5650600DF00C0 /* Heroe+CoreData.swift */; };
		9E465F7429A5677100DF00C0 /* CoreDataManager.swift in Sources */ = {isa = PBXBuildFile; fileRef = 9E465F7329A5677100DF00C0 /* CoreDataManager.swift */; };
		9E465F7629A5AC0C00DF00C0 /* LoginModel.swift in Sources */ = {isa = PBXBuildFile; fileRef = 9E465F7529A5AC0C00DF00C0 /* LoginModel.swift */; };
		9E6372A429A6F49A005D5AB1 /* Annotation.swift in Sources */ = {isa = PBXBuildFile; fileRef = 9E6372A329A6F49A005D5AB1 /* Annotation.swift */; };
		9E6372A629A6F4E9005D5AB1 /* AnnotationView.swift in Sources */ = {isa = PBXBuildFile; fileRef = 9E6372A529A6F4E9005D5AB1 /* AnnotationView.swift */; };
		9E6372A829A6F56E005D5AB1 /* Callout.swift in Sources */ = {isa = PBXBuildFile; fileRef = 9E6372A729A6F56E005D5AB1 /* Callout.swift */; };
		9E6372AB29A6F69F005D5AB1 /* Kingfisher in Frameworks */ = {isa = PBXBuildFile; productRef = 9E6372AA29A6F69F005D5AB1 /* Kingfisher */; };
		9E6372AD29A6F76D005D5AB1 /* Place.swift in Sources */ = {isa = PBXBuildFile; fileRef = 9E6372AC29A6F76D005D5AB1 /* Place.swift */; };
		9EDACE8229A03AA300EC579E /* MapViewController.swift in Sources */ = {isa = PBXBuildFile; fileRef = 9EDACE8129A03AA300EC579E /* MapViewController.swift */; };
		9EDACE8429A03BA200EC579E /* LogInViewController.swift in Sources */ = {isa = PBXBuildFile; fileRef = 9EDACE8329A03BA200EC579E /* LogInViewController.swift */; };
		9EED926629A03CE300924B97 /* ToolsViewController.swift in Sources */ = {isa = PBXBuildFile; fileRef = 9EED926529A03CE300924B97 /* ToolsViewController.swift */; };
/* End PBXBuildFile section */

/* Begin PBXContainerItemProxy section */
		9E3DC337299C4122002D3FA4 /* PBXContainerItemProxy */ = {
			isa = PBXContainerItemProxy;
			containerPortal = 9E3DC315299C4121002D3FA4 /* Project object */;
			proxyType = 1;
			remoteGlobalIDString = 9E3DC31C299C4121002D3FA4;
			remoteInfo = HeroesAvanzado;
		};
		9E3DC341299C4122002D3FA4 /* PBXContainerItemProxy */ = {
			isa = PBXContainerItemProxy;
			containerPortal = 9E3DC315299C4121002D3FA4 /* Project object */;
			proxyType = 1;
			remoteGlobalIDString = 9E3DC31C299C4121002D3FA4;
			remoteInfo = HeroesAvanzado;
		};
/* End PBXContainerItemProxy section */

/* Begin PBXFileReference section */
		9E1F6913299F07A700B184F4 /* HeroesViewController.swift */ = {isa = PBXFileReference; lastKnownFileType = sourcecode.swift; path = HeroesViewController.swift; sourceTree = "<group>"; };
		9E209CC729A181C7001E4FD1 /* Constants.swift */ = {isa = PBXFileReference; lastKnownFileType = sourcecode.swift; path = Constants.swift; sourceTree = "<group>"; };
		9E209CCA29A18205001E4FD1 /* ApiClient.swift */ = {isa = PBXFileReference; lastKnownFileType = sourcecode.swift; path = ApiClient.swift; sourceTree = "<group>"; };
		9E209CCC29A18212001E4FD1 /* HeroModel.swift */ = {isa = PBXFileReference; lastKnownFileType = sourcecode.swift; path = HeroModel.swift; sourceTree = "<group>"; };
		9E209CD329A18616001E4FD1 /* Locations.swift */ = {isa = PBXFileReference; lastKnownFileType = sourcecode.swift; path = Locations.swift; sourceTree = "<group>"; };
		9E209CD929A19572001E4FD1 /* TableViewCell.swift */ = {isa = PBXFileReference; lastKnownFileType = sourcecode.swift; path = TableViewCell.swift; sourceTree = "<group>"; };
		9E209CDA29A19572001E4FD1 /* TableViewCell.xib */ = {isa = PBXFileReference; lastKnownFileType = file.xib; path = TableViewCell.xib; sourceTree = "<group>"; };
		9E3DC31D299C4121002D3FA4 /* HeroesAvanzado.app */ = {isa = PBXFileReference; explicitFileType = wrapper.application; includeInIndex = 0; path = HeroesAvanzado.app; sourceTree = BUILT_PRODUCTS_DIR; };
		9E3DC320299C4121002D3FA4 /* AppDelegate.swift */ = {isa = PBXFileReference; lastKnownFileType = sourcecode.swift; path = AppDelegate.swift; sourceTree = "<group>"; };
		9E3DC322299C4121002D3FA4 /* SceneDelegate.swift */ = {isa = PBXFileReference; lastKnownFileType = sourcecode.swift; path = SceneDelegate.swift; sourceTree = "<group>"; };
		9E3DC327299C4121002D3FA4 /* Base */ = {isa = PBXFileReference; lastKnownFileType = file.storyboard; name = Base; path = Base.lproj/Main.storyboard; sourceTree = "<group>"; };
		9E3DC32A299C4121002D3FA4 /* HeroesAvanzado.xcdatamodel */ = {isa = PBXFileReference; lastKnownFileType = wrapper.xcdatamodel; path = HeroesAvanzado.xcdatamodel; sourceTree = "<group>"; };
		9E3DC32C299C4122002D3FA4 /* Assets.xcassets */ = {isa = PBXFileReference; lastKnownFileType = folder.assetcatalog; path = Assets.xcassets; sourceTree = "<group>"; };
		9E3DC32F299C4122002D3FA4 /* Base */ = {isa = PBXFileReference; lastKnownFileType = file.storyboard; name = Base; path = Base.lproj/LaunchScreen.storyboard; sourceTree = "<group>"; };
		9E3DC331299C4122002D3FA4 /* Info.plist */ = {isa = PBXFileReference; lastKnownFileType = text.plist.xml; path = Info.plist; sourceTree = "<group>"; };
		9E3DC336299C4122002D3FA4 /* HeroesAvanzadoTests.xctest */ = {isa = PBXFileReference; explicitFileType = wrapper.cfbundle; includeInIndex = 0; path = HeroesAvanzadoTests.xctest; sourceTree = BUILT_PRODUCTS_DIR; };
		9E3DC33A299C4122002D3FA4 /* HeroesAvanzadoTests.swift */ = {isa = PBXFileReference; lastKnownFileType = sourcecode.swift; path = HeroesAvanzadoTests.swift; sourceTree = "<group>"; };
		9E3DC340299C4122002D3FA4 /* HeroesAvanzadoUITests.xctest */ = {isa = PBXFileReference; explicitFileType = wrapper.cfbundle; includeInIndex = 0; path = HeroesAvanzadoUITests.xctest; sourceTree = BUILT_PRODUCTS_DIR; };
		9E3DC344299C4122002D3FA4 /* HeroesAvanzadoUITests.swift */ = {isa = PBXFileReference; lastKnownFileType = sourcecode.swift; path = HeroesAvanzadoUITests.swift; sourceTree = "<group>"; };
		9E3DC346299C4122002D3FA4 /* HeroesAvanzadoUITestsLaunchTests.swift */ = {isa = PBXFileReference; lastKnownFileType = sourcecode.swift; path = HeroesAvanzadoUITestsLaunchTests.swift; sourceTree = "<group>"; };
		9E3DC35C299C5BEB002D3FA4 /* SideMenuModel.swift */ = {isa = PBXFileReference; lastKnownFileType = sourcecode.swift; path = SideMenuModel.swift; sourceTree = "<group>"; };
		9E3DC35E299C5CF7002D3FA4 /* SideMenuCell.swift */ = {isa = PBXFileReference; lastKnownFileType = sourcecode.swift; path = SideMenuCell.swift; sourceTree = "<group>"; };
		9E3DC35F299C5CF7002D3FA4 /* SideMenuCell.xib */ = {isa = PBXFileReference; lastKnownFileType = file.xib; path = SideMenuCell.xib; sourceTree = "<group>"; };
		9E3DC362299C65F5002D3FA4 /* SideMenuViewController.swift */ = {isa = PBXFileReference; lastKnownFileType = sourcecode.swift; path = SideMenuViewController.swift; sourceTree = "<group>"; };
		9E3DC364299C6680002D3FA4 /* MainViewController.swift */ = {isa = PBXFileReference; lastKnownFileType = sourcecode.swift; path = MainViewController.swift; sourceTree = "<group>"; };
		9E465F6F29A5647200DF00C0 /* Login+CoreData.swift */ = {isa = PBXFileReference; lastKnownFileType = sourcecode.swift; path = "Login+CoreData.swift"; sourceTree = "<group>"; };
		9E465F7129A5650600DF00C0 /* Heroe+CoreData.swift */ = {isa = PBXFileReference; lastKnownFileType = sourcecode.swift; path = "Heroe+CoreData.swift"; sourceTree = "<group>"; };
		9E465F7329A5677100DF00C0 /* CoreDataManager.swift */ = {isa = PBXFileReference; lastKnownFileType = sourcecode.swift; path = CoreDataManager.swift; sourceTree = "<group>"; };
		9E465F7529A5AC0C00DF00C0 /* LoginModel.swift */ = {isa = PBXFileReference; lastKnownFileType = sourcecode.swift; path = LoginModel.swift; sourceTree = "<group>"; };
		9E6372A329A6F49A005D5AB1 /* Annotation.swift */ = {isa = PBXFileReference; lastKnownFileType = sourcecode.swift; path = Annotation.swift; sourceTree = "<group>"; };
		9E6372A529A6F4E9005D5AB1 /* AnnotationView.swift */ = {isa = PBXFileReference; lastKnownFileType = sourcecode.swift; path = AnnotationView.swift; sourceTree = "<group>"; };
		9E6372A729A6F56E005D5AB1 /* Callout.swift */ = {isa = PBXFileReference; lastKnownFileType = sourcecode.swift; path = Callout.swift; sourceTree = "<group>"; };
		9E6372AC29A6F76D005D5AB1 /* Place.swift */ = {isa = PBXFileReference; lastKnownFileType = sourcecode.swift; path = Place.swift; sourceTree = "<group>"; };
		9EDACE8129A03AA300EC579E /* MapViewController.swift */ = {isa = PBXFileReference; lastKnownFileType = sourcecode.swift; path = MapViewController.swift; sourceTree = "<group>"; };
		9EDACE8329A03BA200EC579E /* LogInViewController.swift */ = {isa = PBXFileReference; lastKnownFileType = sourcecode.swift; path = LogInViewController.swift; sourceTree = "<group>"; };
		9EED926529A03CE300924B97 /* ToolsViewController.swift */ = {isa = PBXFileReference; lastKnownFileType = sourcecode.swift; path = ToolsViewController.swift; sourceTree = "<group>"; };
/* End PBXFileReference section */

/* Begin PBXFrameworksBuildPhase section */
		9E3DC31A299C4121002D3FA4 /* Frameworks */ = {
			isa = PBXFrameworksBuildPhase;
			buildActionMask = 2147483647;
			files = (
				9E6372AB29A6F69F005D5AB1 /* Kingfisher in Frameworks */,
			);
			runOnlyForDeploymentPostprocessing = 0;
		};
		9E3DC333299C4122002D3FA4 /* Frameworks */ = {
			isa = PBXFrameworksBuildPhase;
			buildActionMask = 2147483647;
			files = (
			);
			runOnlyForDeploymentPostprocessing = 0;
		};
		9E3DC33D299C4122002D3FA4 /* Frameworks */ = {
			isa = PBXFrameworksBuildPhase;
			buildActionMask = 2147483647;
			files = (
			);
			runOnlyForDeploymentPostprocessing = 0;
		};
/* End PBXFrameworksBuildPhase section */

/* Begin PBXGroup section */
		9E1F6912299F034A00B184F4 /* ViewControllers */ = {
			isa = PBXGroup;
			children = (
				9E6372A229A6F488005D5AB1 /* Map */,
				9E209CD829A19552001E4FD1 /* TableCell */,
				9E1F6913299F07A700B184F4 /* HeroesViewController.swift */,
				9EDACE8329A03BA200EC579E /* LogInViewController.swift */,
				9EED926529A03CE300924B97 /* ToolsViewController.swift */,
			);
			path = ViewControllers;
			sourceTree = "<group>";
		};
		9E209CC629A18192001E4FD1 /* Utils */ = {
			isa = PBXGroup;
			children = (
				9E209CC729A181C7001E4FD1 /* Constants.swift */,
			);
			name = Utils;
			path = "Utilerías";
			sourceTree = "<group>";
		};
		9E209CC929A181EA001E4FD1 /* Model */ = {
			isa = PBXGroup;
			children = (
				9E209CD329A18616001E4FD1 /* Locations.swift */,
				9E209CCC29A18212001E4FD1 /* HeroModel.swift */,
				9E465F7529A5AC0C00DF00C0 /* LoginModel.swift */,
				9E6372AC29A6F76D005D5AB1 /* Place.swift */,
			);
			path = Model;
			sourceTree = "<group>";
		};
		9E209CD529A18D17001E4FD1 /* Managers */ = {
			isa = PBXGroup;
			children = (
				9E209CCA29A18205001E4FD1 /* ApiClient.swift */,
			);
			path = Managers;
			sourceTree = "<group>";
		};
		9E209CD829A19552001E4FD1 /* TableCell */ = {
			isa = PBXGroup;
			children = (
				9E209CD929A19572001E4FD1 /* TableViewCell.swift */,
				9E209CDA29A19572001E4FD1 /* TableViewCell.xib */,
			);
			path = TableCell;
			sourceTree = "<group>";
		};
		9E3DC314299C4121002D3FA4 = {
			isa = PBXGroup;
			children = (
				9E3DC31F299C4121002D3FA4 /* HeroesAvanzado */,
				9E3DC339299C4122002D3FA4 /* HeroesAvanzadoTests */,
				9E3DC343299C4122002D3FA4 /* HeroesAvanzadoUITests */,
				9E3DC31E299C4121002D3FA4 /* Products */,
			);
			sourceTree = "<group>";
		};
		9E3DC31E299C4121002D3FA4 /* Products */ = {
			isa = PBXGroup;
			children = (
				9E3DC31D299C4121002D3FA4 /* HeroesAvanzado.app */,
				9E3DC336299C4122002D3FA4 /* HeroesAvanzadoTests.xctest */,
				9E3DC340299C4122002D3FA4 /* HeroesAvanzadoUITests.xctest */,
			);
			name = Products;
			sourceTree = "<group>";
		};
		9E3DC31F299C4121002D3FA4 /* HeroesAvanzado */ = {
			isa = PBXGroup;
			children = (
				9E1F6912299F034A00B184F4 /* ViewControllers */,
				9E465F6E29A5642A00DF00C0 /* CoreData */,
				9E209CD529A18D17001E4FD1 /* Managers */,
				9E209CC929A181EA001E4FD1 /* Model */,
				9E209CC629A18192001E4FD1 /* Utils */,
				9E3DC364299C6680002D3FA4 /* MainViewController.swift */,
				9E3DC355299C57A5002D3FA4 /* Menu */,
				9E3DC320299C4121002D3FA4 /* AppDelegate.swift */,
				9E3DC322299C4121002D3FA4 /* SceneDelegate.swift */,
				9E3DC326299C4121002D3FA4 /* Main.storyboard */,
				9E3DC32C299C4122002D3FA4 /* Assets.xcassets */,
				9E3DC32E299C4122002D3FA4 /* LaunchScreen.storyboard */,
				9E3DC331299C4122002D3FA4 /* Info.plist */,
			);
			path = HeroesAvanzado;
			sourceTree = "<group>";
		};
		9E3DC339299C4122002D3FA4 /* HeroesAvanzadoTests */ = {
			isa = PBXGroup;
			children = (
				9E3DC33A299C4122002D3FA4 /* HeroesAvanzadoTests.swift */,
			);
			path = HeroesAvanzadoTests;
			sourceTree = "<group>";
		};
		9E3DC343299C4122002D3FA4 /* HeroesAvanzadoUITests */ = {
			isa = PBXGroup;
			children = (
				9E3DC344299C4122002D3FA4 /* HeroesAvanzadoUITests.swift */,
				9E3DC346299C4122002D3FA4 /* HeroesAvanzadoUITestsLaunchTests.swift */,
			);
			path = HeroesAvanzadoUITests;
			sourceTree = "<group>";
		};
		9E3DC355299C57A5002D3FA4 /* Menu */ = {
			isa = PBXGroup;
			children = (
				9E3DC35C299C5BEB002D3FA4 /* SideMenuModel.swift */,
				9E3DC35E299C5CF7002D3FA4 /* SideMenuCell.swift */,
				9E3DC35F299C5CF7002D3FA4 /* SideMenuCell.xib */,
				9E3DC362299C65F5002D3FA4 /* SideMenuViewController.swift */,
			);
			path = Menu;
			sourceTree = "<group>";
		};
		9E465F6E29A5642A00DF00C0 /* CoreData */ = {
			isa = PBXGroup;
			children = (
				9E3DC329299C4121002D3FA4 /* Login.xcdatamodeld */,
				9E465F6F29A5647200DF00C0 /* Login+CoreData.swift */,
				9E465F7129A5650600DF00C0 /* Heroe+CoreData.swift */,
				9E465F7329A5677100DF00C0 /* CoreDataManager.swift */,
			);
			path = CoreData;
			sourceTree = "<group>";
		};
		9E6372A229A6F488005D5AB1 /* Map */ = {
			isa = PBXGroup;
			children = (
				9EDACE8129A03AA300EC579E /* MapViewController.swift */,
				9E6372A329A6F49A005D5AB1 /* Annotation.swift */,
				9E6372A529A6F4E9005D5AB1 /* AnnotationView.swift */,
				9E6372A729A6F56E005D5AB1 /* Callout.swift */,
			);
			path = Map;
			sourceTree = "<group>";
		};
/* End PBXGroup section */

/* Begin PBXNativeTarget section */
		9E3DC31C299C4121002D3FA4 /* HeroesAvanzado */ = {
			isa = PBXNativeTarget;
			buildConfigurationList = 9E3DC34A299C4122002D3FA4 /* Build configuration list for PBXNativeTarget "HeroesAvanzado" */;
			buildPhases = (
				9E3DC319299C4121002D3FA4 /* Sources */,
				9E3DC31A299C4121002D3FA4 /* Frameworks */,
				9E3DC31B299C4121002D3FA4 /* Resources */,
			);
			buildRules = (
			);
			dependencies = (
			);
			name = HeroesAvanzado;
			packageProductDependencies = (
				9E6372AA29A6F69F005D5AB1 /* Kingfisher */,
			);
			productName = HeroesAvanzado;
			productReference = 9E3DC31D299C4121002D3FA4 /* HeroesAvanzado.app */;
			productType = "com.apple.product-type.application";
		};
		9E3DC335299C4122002D3FA4 /* HeroesAvanzadoTests */ = {
			isa = PBXNativeTarget;
			buildConfigurationList = 9E3DC34D299C4122002D3FA4 /* Build configuration list for PBXNativeTarget "HeroesAvanzadoTests" */;
			buildPhases = (
				9E3DC332299C4122002D3FA4 /* Sources */,
				9E3DC333299C4122002D3FA4 /* Frameworks */,
				9E3DC334299C4122002D3FA4 /* Resources */,
			);
			buildRules = (
			);
			dependencies = (
				9E3DC338299C4122002D3FA4 /* PBXTargetDependency */,
			);
			name = HeroesAvanzadoTests;
			productName = HeroesAvanzadoTests;
			productReference = 9E3DC336299C4122002D3FA4 /* HeroesAvanzadoTests.xctest */;
			productType = "com.apple.product-type.bundle.unit-test";
		};
		9E3DC33F299C4122002D3FA4 /* HeroesAvanzadoUITests */ = {
			isa = PBXNativeTarget;
			buildConfigurationList = 9E3DC350299C4122002D3FA4 /* Build configuration list for PBXNativeTarget "HeroesAvanzadoUITests" */;
			buildPhases = (
				9E3DC33C299C4122002D3FA4 /* Sources */,
				9E3DC33D299C4122002D3FA4 /* Frameworks */,
				9E3DC33E299C4122002D3FA4 /* Resources */,
			);
			buildRules = (
			);
			dependencies = (
				9E3DC342299C4122002D3FA4 /* PBXTargetDependency */,
			);
			name = HeroesAvanzadoUITests;
			productName = HeroesAvanzadoUITests;
			productReference = 9E3DC340299C4122002D3FA4 /* HeroesAvanzadoUITests.xctest */;
			productType = "com.apple.product-type.bundle.ui-testing";
		};
/* End PBXNativeTarget section */

/* Begin PBXProject section */
		9E3DC315299C4121002D3FA4 /* Project object */ = {
			isa = PBXProject;
			attributes = {
				BuildIndependentTargetsInParallel = 1;
				KnownAssetTags = (
					New,
				);
				LastSwiftUpdateCheck = 1410;
				LastUpgradeCheck = 1410;
				TargetAttributes = {
					9E3DC31C299C4121002D3FA4 = {
						CreatedOnToolsVersion = 14.1;
					};
					9E3DC335299C4122002D3FA4 = {
						CreatedOnToolsVersion = 14.1;
						TestTargetID = 9E3DC31C299C4121002D3FA4;
					};
					9E3DC33F299C4122002D3FA4 = {
						CreatedOnToolsVersion = 14.1;
						TestTargetID = 9E3DC31C299C4121002D3FA4;
					};
				};
			};
			buildConfigurationList = 9E3DC318299C4121002D3FA4 /* Build configuration list for PBXProject "HeroesAvanzado" */;
			compatibilityVersion = "Xcode 14.0";
			developmentRegion = en;
			hasScannedForEncodings = 0;
			knownRegions = (
				en,
				Base,
			);
			mainGroup = 9E3DC314299C4121002D3FA4;
			packageReferences = (
				9E6372A929A6F69F005D5AB1 /* XCRemoteSwiftPackageReference "Kingfisher" */,
			);
			productRefGroup = 9E3DC31E299C4121002D3FA4 /* Products */;
			projectDirPath = "";
			projectRoot = "";
			targets = (
				9E3DC31C299C4121002D3FA4 /* HeroesAvanzado */,
				9E3DC335299C4122002D3FA4 /* HeroesAvanzadoTests */,
				9E3DC33F299C4122002D3FA4 /* HeroesAvanzadoUITests */,
			);
		};
/* End PBXProject section */

/* Begin PBXResourcesBuildPhase section */
		9E3DC31B299C4121002D3FA4 /* Resources */ = {
			isa = PBXResourcesBuildPhase;
			buildActionMask = 2147483647;
			files = (
				9E3DC330299C4122002D3FA4 /* LaunchScreen.storyboard in Resources */,
				9E209CDC29A19572001E4FD1 /* TableViewCell.xib in Resources */,
				9E3DC361299C5CF7002D3FA4 /* SideMenuCell.xib in Resources */,
				9E3DC32D299C4122002D3FA4 /* Assets.xcassets in Resources */,
				9E3DC328299C4121002D3FA4 /* Main.storyboard in Resources */,
			);
			runOnlyForDeploymentPostprocessing = 0;
		};
		9E3DC334299C4122002D3FA4 /* Resources */ = {
			isa = PBXResourcesBuildPhase;
			buildActionMask = 2147483647;
			files = (
			);
			runOnlyForDeploymentPostprocessing = 0;
		};
		9E3DC33E299C4122002D3FA4 /* Resources */ = {
			isa = PBXResourcesBuildPhase;
			buildActionMask = 2147483647;
			files = (
			);
			runOnlyForDeploymentPostprocessing = 0;
		};
/* End PBXResourcesBuildPhase section */

/* Begin PBXSourcesBuildPhase section */
		9E3DC319299C4121002D3FA4 /* Sources */ = {
			isa = PBXSourcesBuildPhase;
			buildActionMask = 2147483647;
			files = (
				9E3DC363299C65F5002D3FA4 /* SideMenuViewController.swift in Sources */,
				9E465F7629A5AC0C00DF00C0 /* LoginModel.swift in Sources */,
				9E209CD429A18616001E4FD1 /* Locations.swift in Sources */,
				9E6372AD29A6F76D005D5AB1 /* Place.swift in Sources */,
				9E3DC35D299C5BEB002D3FA4 /* SideMenuModel.swift in Sources */,
				9E3DC360299C5CF7002D3FA4 /* SideMenuCell.swift in Sources */,
				9E6372A629A6F4E9005D5AB1 /* AnnotationView.swift in Sources */,
				9E3DC32B299C4121002D3FA4 /* Login.xcdatamodeld in Sources */,
				9EDACE8229A03AA300EC579E /* MapViewController.swift in Sources */,
				9E465F7229A5650600DF00C0 /* Heroe+CoreData.swift in Sources */,
				9E3DC321299C4121002D3FA4 /* AppDelegate.swift in Sources */,
				9E6372A829A6F56E005D5AB1 /* Callout.swift in Sources */,
				9EED926629A03CE300924B97 /* ToolsViewController.swift in Sources */,
				9E1F6914299F07A700B184F4 /* HeroesViewController.swift in Sources */,
				9E209CCB29A18205001E4FD1 /* ApiClient.swift in Sources */,
				9E3DC323299C4121002D3FA4 /* SceneDelegate.swift in Sources */,
				9EDACE8429A03BA200EC579E /* LogInViewController.swift in Sources */,
				9E465F7429A5677100DF00C0 /* CoreDataManager.swift in Sources */,
				9E209CCD29A18212001E4FD1 /* HeroModel.swift in Sources */,
				9E209CDB29A19572001E4FD1 /* TableViewCell.swift in Sources */,
				9E3DC365299C6680002D3FA4 /* MainViewController.swift in Sources */,
				9E465F7029A5647200DF00C0 /* Login+CoreData.swift in Sources */,
				9E6372A429A6F49A005D5AB1 /* Annotation.swift in Sources */,
				9E209CC829A181C7001E4FD1 /* Constants.swift in Sources */,
			);
			runOnlyForDeploymentPostprocessing = 0;
		};
		9E3DC332299C4122002D3FA4 /* Sources */ = {
			isa = PBXSourcesBuildPhase;
			buildActionMask = 2147483647;
			files = (
				9E3DC33B299C4122002D3FA4 /* HeroesAvanzadoTests.swift in Sources */,
			);
			runOnlyForDeploymentPostprocessing = 0;
		};
		9E3DC33C299C4122002D3FA4 /* Sources */ = {
			isa = PBXSourcesBuildPhase;
			buildActionMask = 2147483647;
			files = (
				9E3DC347299C4122002D3FA4 /* HeroesAvanzadoUITestsLaunchTests.swift in Sources */,
				9E3DC345299C4122002D3FA4 /* HeroesAvanzadoUITests.swift in Sources */,
			);
			runOnlyForDeploymentPostprocessing = 0;
		};
/* End PBXSourcesBuildPhase section */

/* Begin PBXTargetDependency section */
		9E3DC338299C4122002D3FA4 /* PBXTargetDependency */ = {
			isa = PBXTargetDependency;
			target = 9E3DC31C299C4121002D3FA4 /* HeroesAvanzado */;
			targetProxy = 9E3DC337299C4122002D3FA4 /* PBXContainerItemProxy */;
		};
		9E3DC342299C4122002D3FA4 /* PBXTargetDependency */ = {
			isa = PBXTargetDependency;
			target = 9E3DC31C299C4121002D3FA4 /* HeroesAvanzado */;
			targetProxy = 9E3DC341299C4122002D3FA4 /* PBXContainerItemProxy */;
		};
/* End PBXTargetDependency section */

/* Begin PBXVariantGroup section */
		9E3DC326299C4121002D3FA4 /* Main.storyboard */ = {
			isa = PBXVariantGroup;
			children = (
				9E3DC327299C4121002D3FA4 /* Base */,
			);
			name = Main.storyboard;
			sourceTree = "<group>";
		};
		9E3DC32E299C4122002D3FA4 /* LaunchScreen.storyboard */ = {
			isa = PBXVariantGroup;
			children = (
				9E3DC32F299C4122002D3FA4 /* Base */,
			);
			name = LaunchScreen.storyboard;
			sourceTree = "<group>";
		};
/* End PBXVariantGroup section */

/* Begin XCBuildConfiguration section */
		9E3DC348299C4122002D3FA4 /* Debug */ = {
			isa = XCBuildConfiguration;
			buildSettings = {
				ALWAYS_SEARCH_USER_PATHS = NO;
				CLANG_ANALYZER_NONNULL = YES;
				CLANG_ANALYZER_NUMBER_OBJECT_CONVERSION = YES_AGGRESSIVE;
				CLANG_CXX_LANGUAGE_STANDARD = "gnu++20";
				CLANG_ENABLE_MODULES = YES;
				CLANG_ENABLE_OBJC_ARC = YES;
				CLANG_ENABLE_OBJC_WEAK = YES;
				CLANG_WARN_BLOCK_CAPTURE_AUTORELEASING = YES;
				CLANG_WARN_BOOL_CONVERSION = YES;
				CLANG_WARN_COMMA = YES;
				CLANG_WARN_CONSTANT_CONVERSION = YES;
				CLANG_WARN_DEPRECATED_OBJC_IMPLEMENTATIONS = YES;
				CLANG_WARN_DIRECT_OBJC_ISA_USAGE = YES_ERROR;
				CLANG_WARN_DOCUMENTATION_COMMENTS = YES;
				CLANG_WARN_EMPTY_BODY = YES;
				CLANG_WARN_ENUM_CONVERSION = YES;
				CLANG_WARN_INFINITE_RECURSION = YES;
				CLANG_WARN_INT_CONVERSION = YES;
				CLANG_WARN_NON_LITERAL_NULL_CONVERSION = YES;
				CLANG_WARN_OBJC_IMPLICIT_RETAIN_SELF = YES;
				CLANG_WARN_OBJC_LITERAL_CONVERSION = YES;
				CLANG_WARN_OBJC_ROOT_CLASS = YES_ERROR;
				CLANG_WARN_QUOTED_INCLUDE_IN_FRAMEWORK_HEADER = YES;
				CLANG_WARN_RANGE_LOOP_ANALYSIS = YES;
				CLANG_WARN_STRICT_PROTOTYPES = YES;
				CLANG_WARN_SUSPICIOUS_MOVE = YES;
				CLANG_WARN_UNGUARDED_AVAILABILITY = YES_AGGRESSIVE;
				CLANG_WARN_UNREACHABLE_CODE = YES;
				CLANG_WARN__DUPLICATE_METHOD_MATCH = YES;
				COPY_PHASE_STRIP = NO;
				DEBUG_INFORMATION_FORMAT = dwarf;
				ENABLE_STRICT_OBJC_MSGSEND = YES;
				ENABLE_TESTABILITY = YES;
				GCC_C_LANGUAGE_STANDARD = gnu11;
				GCC_DYNAMIC_NO_PIC = NO;
				GCC_NO_COMMON_BLOCKS = YES;
				GCC_OPTIMIZATION_LEVEL = 0;
				GCC_PREPROCESSOR_DEFINITIONS = (
					"DEBUG=1",
					"$(inherited)",
				);
				GCC_WARN_64_TO_32_BIT_CONVERSION = YES;
				GCC_WARN_ABOUT_RETURN_TYPE = YES_ERROR;
				GCC_WARN_UNDECLARED_SELECTOR = YES;
				GCC_WARN_UNINITIALIZED_AUTOS = YES_AGGRESSIVE;
				GCC_WARN_UNUSED_FUNCTION = YES;
				GCC_WARN_UNUSED_VARIABLE = YES;
				IPHONEOS_DEPLOYMENT_TARGET = 16.1;
				MTL_ENABLE_DEBUG_INFO = INCLUDE_SOURCE;
				MTL_FAST_MATH = YES;
				ONLY_ACTIVE_ARCH = YES;
				SDKROOT = iphoneos;
				SWIFT_ACTIVE_COMPILATION_CONDITIONS = DEBUG;
				SWIFT_OPTIMIZATION_LEVEL = "-Onone";
			};
			name = Debug;
		};
		9E3DC349299C4122002D3FA4 /* Release */ = {
			isa = XCBuildConfiguration;
			buildSettings = {
				ALWAYS_SEARCH_USER_PATHS = NO;
				CLANG_ANALYZER_NONNULL = YES;
				CLANG_ANALYZER_NUMBER_OBJECT_CONVERSION = YES_AGGRESSIVE;
				CLANG_CXX_LANGUAGE_STANDARD = "gnu++20";
				CLANG_ENABLE_MODULES = YES;
				CLANG_ENABLE_OBJC_ARC = YES;
				CLANG_ENABLE_OBJC_WEAK = YES;
				CLANG_WARN_BLOCK_CAPTURE_AUTORELEASING = YES;
				CLANG_WARN_BOOL_CONVERSION = YES;
				CLANG_WARN_COMMA = YES;
				CLANG_WARN_CONSTANT_CONVERSION = YES;
				CLANG_WARN_DEPRECATED_OBJC_IMPLEMENTATIONS = YES;
				CLANG_WARN_DIRECT_OBJC_ISA_USAGE = YES_ERROR;
				CLANG_WARN_DOCUMENTATION_COMMENTS = YES;
				CLANG_WARN_EMPTY_BODY = YES;
				CLANG_WARN_ENUM_CONVERSION = YES;
				CLANG_WARN_INFINITE_RECURSION = YES;
				CLANG_WARN_INT_CONVERSION = YES;
				CLANG_WARN_NON_LITERAL_NULL_CONVERSION = YES;
				CLANG_WARN_OBJC_IMPLICIT_RETAIN_SELF = YES;
				CLANG_WARN_OBJC_LITERAL_CONVERSION = YES;
				CLANG_WARN_OBJC_ROOT_CLASS = YES_ERROR;
				CLANG_WARN_QUOTED_INCLUDE_IN_FRAMEWORK_HEADER = YES;
				CLANG_WARN_RANGE_LOOP_ANALYSIS = YES;
				CLANG_WARN_STRICT_PROTOTYPES = YES;
				CLANG_WARN_SUSPICIOUS_MOVE = YES;
				CLANG_WARN_UNGUARDED_AVAILABILITY = YES_AGGRESSIVE;
				CLANG_WARN_UNREACHABLE_CODE = YES;
				CLANG_WARN__DUPLICATE_METHOD_MATCH = YES;
				COPY_PHASE_STRIP = NO;
				DEBUG_INFORMATION_FORMAT = "dwarf-with-dsym";
				ENABLE_NS_ASSERTIONS = NO;
				ENABLE_STRICT_OBJC_MSGSEND = YES;
				GCC_C_LANGUAGE_STANDARD = gnu11;
				GCC_NO_COMMON_BLOCKS = YES;
				GCC_WARN_64_TO_32_BIT_CONVERSION = YES;
				GCC_WARN_ABOUT_RETURN_TYPE = YES_ERROR;
				GCC_WARN_UNDECLARED_SELECTOR = YES;
				GCC_WARN_UNINITIALIZED_AUTOS = YES_AGGRESSIVE;
				GCC_WARN_UNUSED_FUNCTION = YES;
				GCC_WARN_UNUSED_VARIABLE = YES;
				IPHONEOS_DEPLOYMENT_TARGET = 16.1;
				MTL_ENABLE_DEBUG_INFO = NO;
				MTL_FAST_MATH = YES;
				SDKROOT = iphoneos;
				SWIFT_COMPILATION_MODE = wholemodule;
				SWIFT_OPTIMIZATION_LEVEL = "-O";
				VALIDATE_PRODUCT = YES;
			};
			name = Release;
		};
		9E3DC34B299C4122002D3FA4 /* Debug */ = {
			isa = XCBuildConfiguration;
			buildSettings = {
				ASSETCATALOG_COMPILER_APPICON_NAME = AppIcon;
				ASSETCATALOG_COMPILER_GLOBAL_ACCENT_COLOR_NAME = AccentColor;
				CODE_SIGN_STYLE = Automatic;
				CURRENT_PROJECT_VERSION = 1;
				DEVELOPMENT_TEAM = 9U445GJGD6;
				GENERATE_INFOPLIST_FILE = YES;
				INFOPLIST_FILE = HeroesAvanzado/Info.plist;
				INFOPLIST_KEY_UIApplicationSupportsIndirectInputEvents = YES;
				INFOPLIST_KEY_UILaunchStoryboardName = LaunchScreen;
				INFOPLIST_KEY_UIMainStoryboardFile = Main;
				INFOPLIST_KEY_UISupportedInterfaceOrientations_iPad = "UIInterfaceOrientationPortrait UIInterfaceOrientationPortraitUpsideDown UIInterfaceOrientationLandscapeLeft UIInterfaceOrientationLandscapeRight";
				INFOPLIST_KEY_UISupportedInterfaceOrientations_iPhone = "UIInterfaceOrientationPortrait UIInterfaceOrientationLandscapeLeft UIInterfaceOrientationLandscapeRight";
				LD_RUNPATH_SEARCH_PATHS = (
					"$(inherited)",
					"@executable_path/Frameworks",
				);
				MARKETING_VERSION = 1.0;
				PRODUCT_BUNDLE_IDENTIFIER = "Gerardo-Paxtian.HeroesAvanzado";
				PRODUCT_NAME = "$(TARGET_NAME)";
				SWIFT_EMIT_LOC_STRINGS = YES;
				SWIFT_VERSION = 5.0;
				TARGETED_DEVICE_FAMILY = "1,2";
			};
			name = Debug;
		};
		9E3DC34C299C4122002D3FA4 /* Release */ = {
			isa = XCBuildConfiguration;
			buildSettings = {
				ASSETCATALOG_COMPILER_APPICON_NAME = AppIcon;
				ASSETCATALOG_COMPILER_GLOBAL_ACCENT_COLOR_NAME = AccentColor;
				CODE_SIGN_STYLE = Automatic;
				CURRENT_PROJECT_VERSION = 1;
				DEVELOPMENT_TEAM = 9U445GJGD6;
				GENERATE_INFOPLIST_FILE = YES;
				INFOPLIST_FILE = HeroesAvanzado/Info.plist;
				INFOPLIST_KEY_UIApplicationSupportsIndirectInputEvents = YES;
				INFOPLIST_KEY_UILaunchStoryboardName = LaunchScreen;
				INFOPLIST_KEY_UIMainStoryboardFile = Main;
				INFOPLIST_KEY_UISupportedInterfaceOrientations_iPad = "UIInterfaceOrientationPortrait UIInterfaceOrientationPortraitUpsideDown UIInterfaceOrientationLandscapeLeft UIInterfaceOrientationLandscapeRight";
				INFOPLIST_KEY_UISupportedInterfaceOrientations_iPhone = "UIInterfaceOrientationPortrait UIInterfaceOrientationLandscapeLeft UIInterfaceOrientationLandscapeRight";
				LD_RUNPATH_SEARCH_PATHS = (
					"$(inherited)",
					"@executable_path/Frameworks",
				);
				MARKETING_VERSION = 1.0;
				PRODUCT_BUNDLE_IDENTIFIER = "Gerardo-Paxtian.HeroesAvanzado";
				PRODUCT_NAME = "$(TARGET_NAME)";
				SWIFT_EMIT_LOC_STRINGS = YES;
				SWIFT_VERSION = 5.0;
				TARGETED_DEVICE_FAMILY = "1,2";
			};
			name = Release;
		};
		9E3DC34E299C4122002D3FA4 /* Debug */ = {
			isa = XCBuildConfiguration;
			buildSettings = {
				ALWAYS_EMBED_SWIFT_STANDARD_LIBRARIES = YES;
				BUNDLE_LOADER = "$(TEST_HOST)";
				CODE_SIGN_STYLE = Automatic;
				CURRENT_PROJECT_VERSION = 1;
				GENERATE_INFOPLIST_FILE = YES;
				IPHONEOS_DEPLOYMENT_TARGET = 16.1;
				MARKETING_VERSION = 1.0;
				PRODUCT_BUNDLE_IDENTIFIER = "Gerardo-Paxtian.HeroesAvanzadoTests";
				PRODUCT_NAME = "$(TARGET_NAME)";
				SWIFT_EMIT_LOC_STRINGS = NO;
				SWIFT_VERSION = 5.0;
				TARGETED_DEVICE_FAMILY = "1,2";
				TEST_HOST = "$(BUILT_PRODUCTS_DIR)/HeroesAvanzado.app/$(BUNDLE_EXECUTABLE_FOLDER_PATH)/HeroesAvanzado";
			};
			name = Debug;
		};
		9E3DC34F299C4122002D3FA4 /* Release */ = {
			isa = XCBuildConfiguration;
			buildSettings = {
				ALWAYS_EMBED_SWIFT_STANDARD_LIBRARIES = YES;
				BUNDLE_LOADER = "$(TEST_HOST)";
				CODE_SIGN_STYLE = Automatic;
				CURRENT_PROJECT_VERSION = 1;
				GENERATE_INFOPLIST_FILE = YES;
				IPHONEOS_DEPLOYMENT_TARGET = 16.1;
				MARKETING_VERSION = 1.0;
				PRODUCT_BUNDLE_IDENTIFIER = "Gerardo-Paxtian.HeroesAvanzadoTests";
				PRODUCT_NAME = "$(TARGET_NAME)";
				SWIFT_EMIT_LOC_STRINGS = NO;
				SWIFT_VERSION = 5.0;
				TARGETED_DEVICE_FAMILY = "1,2";
				TEST_HOST = "$(BUILT_PRODUCTS_DIR)/HeroesAvanzado.app/$(BUNDLE_EXECUTABLE_FOLDER_PATH)/HeroesAvanzado";
			};
			name = Release;
		};
		9E3DC351299C4122002D3FA4 /* Debug */ = {
			isa = XCBuildConfiguration;
			buildSettings = {
				ALWAYS_EMBED_SWIFT_STANDARD_LIBRARIES = YES;
				CODE_SIGN_STYLE = Automatic;
				CURRENT_PROJECT_VERSION = 1;
				GENERATE_INFOPLIST_FILE = YES;
				MARKETING_VERSION = 1.0;
				PRODUCT_BUNDLE_IDENTIFIER = "Gerardo-Paxtian.HeroesAvanzadoUITests";
				PRODUCT_NAME = "$(TARGET_NAME)";
				SWIFT_EMIT_LOC_STRINGS = NO;
				SWIFT_VERSION = 5.0;
				TARGETED_DEVICE_FAMILY = "1,2";
				TEST_TARGET_NAME = HeroesAvanzado;
			};
			name = Debug;
		};
		9E3DC352299C4122002D3FA4 /* Release */ = {
			isa = XCBuildConfiguration;
			buildSettings = {
				ALWAYS_EMBED_SWIFT_STANDARD_LIBRARIES = YES;
				CODE_SIGN_STYLE = Automatic;
				CURRENT_PROJECT_VERSION = 1;
				GENERATE_INFOPLIST_FILE = YES;
				MARKETING_VERSION = 1.0;
				PRODUCT_BUNDLE_IDENTIFIER = "Gerardo-Paxtian.HeroesAvanzadoUITests";
				PRODUCT_NAME = "$(TARGET_NAME)";
				SWIFT_EMIT_LOC_STRINGS = NO;
				SWIFT_VERSION = 5.0;
				TARGETED_DEVICE_FAMILY = "1,2";
				TEST_TARGET_NAME = HeroesAvanzado;
			};
			name = Release;
		};
/* End XCBuildConfiguration section */

/* Begin XCConfigurationList section */
		9E3DC318299C4121002D3FA4 /* Build configuration list for PBXProject "HeroesAvanzado" */ = {
			isa = XCConfigurationList;
			buildConfigurations = (
				9E3DC348299C4122002D3FA4 /* Debug */,
				9E3DC349299C4122002D3FA4 /* Release */,
			);
			defaultConfigurationIsVisible = 0;
			defaultConfigurationName = Release;
		};
		9E3DC34A299C4122002D3FA4 /* Build configuration list for PBXNativeTarget "HeroesAvanzado" */ = {
			isa = XCConfigurationList;
			buildConfigurations = (
				9E3DC34B299C4122002D3FA4 /* Debug */,
				9E3DC34C299C4122002D3FA4 /* Release */,
			);
			defaultConfigurationIsVisible = 0;
			defaultConfigurationName = Release;
		};
		9E3DC34D299C4122002D3FA4 /* Build configuration list for PBXNativeTarget "HeroesAvanzadoTests" */ = {
			isa = XCConfigurationList;
			buildConfigurations = (
				9E3DC34E299C4122002D3FA4 /* Debug */,
				9E3DC34F299C4122002D3FA4 /* Release */,
			);
			defaultConfigurationIsVisible = 0;
			defaultConfigurationName = Release;
		};
		9E3DC350299C4122002D3FA4 /* Build configuration list for PBXNativeTarget "HeroesAvanzadoUITests" */ = {
			isa = XCConfigurationList;
			buildConfigurations = (
				9E3DC351299C4122002D3FA4 /* Debug */,
				9E3DC352299C4122002D3FA4 /* Release */,
			);
			defaultConfigurationIsVisible = 0;
			defaultConfigurationName = Release;
		};
/* End XCConfigurationList section */

/* Begin XCRemoteSwiftPackageReference section */
		9E6372A929A6F69F005D5AB1 /* XCRemoteSwiftPackageReference "Kingfisher" */ = {
			isa = XCRemoteSwiftPackageReference;
			repositoryURL = "https://github.com/onevcat/Kingfisher.git";
			requirement = {
				kind = upToNextMajorVersion;
				minimumVersion = 7.0.0;
			};
		};
/* End XCRemoteSwiftPackageReference section */

/* Begin XCSwiftPackageProductDependency section */
		9E6372AA29A6F69F005D5AB1 /* Kingfisher */ = {
			isa = XCSwiftPackageProductDependency;
			package = 9E6372A929A6F69F005D5AB1 /* XCRemoteSwiftPackageReference "Kingfisher" */;
			productName = Kingfisher;
		};
/* End XCSwiftPackageProductDependency section */

/* Begin XCVersionGroup section */
		9E3DC329299C4121002D3FA4 /* Login.xcdatamodeld */ = {
			isa = XCVersionGroup;
			children = (
				9E3DC32A299C4121002D3FA4 /* HeroesAvanzado.xcdatamodel */,
			);
			currentVersion = 9E3DC32A299C4121002D3FA4 /* HeroesAvanzado.xcdatamodel */;
			path = Login.xcdatamodeld;
			sourceTree = "<group>";
			versionGroupType = wrapper.xcdatamodel;
		};
/* End XCVersionGroup section */
	};
	rootObject = 9E3DC315299C4121002D3FA4 /* Project object */;
}
